{
  "name": "@fantasyarcade/ready-fs-simple-test",
  "version": "0.0.1",
  "lockfileVersion": 1,
  "requires": true,
  "dependencies": {
    "@fantasyarcade/ready-memory-disk": {
      "version": "1.1.4",
      "resolved": "https://registry.npmjs.org/@fantasyarcade/ready-memory-disk/-/ready-memory-disk-1.1.4.tgz",
      "integrity": "sha512-RFWba3fO/DCWC14MPKdKgkKdKYJpa0myalzlz5heNOzVszHvQHyXlCSE+4ULVrt4JErW/poqc13woOnbu+DQnQ==",
      "requires": {
        "@fantasyarcade/uint8array-utils": "1.1.0"
      }
    },
    "@fantasyarcade/uint8array-utils": {
      "version": "1.1.0",
      "resolved": "https://registry.npmjs.org/@fantasyarcade/uint8array-utils/-/uint8array-utils-1.1.0.tgz",
      "integrity": "sha512-24kQdIuEZfMGEH2EKDsfy4yc5k+Cpc2wi7OUsi4zdXM0Wc20vYOrYO6MFsBGhsasjxtqPN4g0ZRKdsMUhUO/Yw=="
    }
  }
}
